
Microsoft Visual Studio Solution File, Format Version 12.00
# Visual Studio 15
VisualStudioVersion = 15.0.27130.2024
MinimumVisualStudioVersion = 10.0.40219.1
Project("{FAE04EC0-301F-11D3-BF4B-00C04F79EFBC}") = "addressbook_tests_white", "addressbook_tests_white\addressbook_tests_white.csproj", "{BF92E30B-5164-4CAE-BE05-58AB26F5EE30}"
EndProject
Global
	GlobalSection(SolutionConfigurationPlatforms) = preSolution
		Debug|Any CPU = Debug|Any CPU
		Release|Any CPU = Release|Any CPU
	EndGlobalSection
	GlobalSection(ProjectConfigurationPlatforms) = postSolution
		{BF92E30B-5164-4CAE-BE05-58AB26F5EE30}.Debug|Any CPU.ActiveCfg = Debug|Any CPU
		{BF92E30B-5164-4CAE-BE05-58AB26F5EE30}.Debug|Any CPU.Build.0 = Debug|Any CPU
		{BF92E30B-5164-4CAE-BE05-58AB26F5EE30}.Release|Any CPU.ActiveCfg = Release|Any CPU
		{BF92E30B-5164-4CAE-BE05-58AB26F5EE30}.Release|Any CPU.Build.0 = Release|Any CPU
	EndGlobalSection
	GlobalSection(SolutionProperties) = preSolution
		HideSolutionNode = FALSE
	EndGlobalSection
	GlobalSection(ExtensibilityGlobals) = postSolution
		SolutionGuid = {365BF13F-CDBF-45E9-B75D-0519FB560030}
	EndGlobalSection
EndGlobal
